// !$*UTF8*$!
{
	archiveVersion = 1;
	classes = {
	};
	objectVersion = 46;
	objects = {

/* Begin PBXBuildFile section */
		E8F4B2BA19FA302800F946EA /* tableViewCell.m in Sources */ = {isa = PBXBuildFile; fileRef = E8F4B2B919FA302800F946EA /* tableViewCell.m */; };
		E8F9383919F641380043D019 /* Foundation.framework in Frameworks */ = {isa = PBXBuildFile; fileRef = E8F9383819F641380043D019 /* Foundation.framework */; };
		E8F9383B19F641380043D019 /* CoreGraphics.framework in Frameworks */ = {isa = PBXBuildFile; fileRef = E8F9383A19F641380043D019 /* CoreGraphics.framework */; };
		E8F9383D19F641380043D019 /* UIKit.framework in Frameworks */ = {isa = PBXBuildFile; fileRef = E8F9383C19F641380043D019 /* UIKit.framework */; };
		E8F9384319F641380043D019 /* InfoPlist.strings in Resources */ = {isa = PBXBuildFile; fileRef = E8F9384119F641380043D019 /* InfoPlist.strings */; };
		E8F9384519F641380043D019 /* main.m in Sources */ = {isa = PBXBuildFile; fileRef = E8F9384419F641380043D019 /* main.m */; };
		E8F9384919F641380043D019 /* AppDelegate.m in Sources */ = {isa = PBXBuildFile; fileRef = E8F9384819F641380043D019 /* AppDelegate.m */; };
		E8F9384C19F641380043D019 /* Main.storyboard in Resources */ = {isa = PBXBuildFile; fileRef = E8F9384A19F641380043D019 /* Main.storyboard */; };
		E8F9384F19F641380043D019 /* MasterViewController.m in Sources */ = {isa = PBXBuildFile; fileRef = E8F9384E19F641380043D019 /* MasterViewController.m */; };
		E8F9385219F641380043D019 /* DetailViewController.m in Sources */ = {isa = PBXBuildFile; fileRef = E8F9385119F641380043D019 /* DetailViewController.m */; };
		E8F9385419F641380043D019 /* Images.xcassets in Resources */ = {isa = PBXBuildFile; fileRef = E8F9385319F641380043D019 /* Images.xcassets */; };
		E8F9385B19F641380043D019 /* XCTest.framework in Frameworks */ = {isa = PBXBuildFile; fileRef = E8F9385A19F641380043D019 /* XCTest.framework */; };
		E8F9385C19F641380043D019 /* Foundation.framework in Frameworks */ = {isa = PBXBuildFile; fileRef = E8F9383819F641380043D019 /* Foundation.framework */; };
		E8F9385D19F641380043D019 /* UIKit.framework in Frameworks */ = {isa = PBXBuildFile; fileRef = E8F9383C19F641380043D019 /* UIKit.framework */; };
		E8F9386519F641380043D019 /* InfoPlist.strings in Resources */ = {isa = PBXBuildFile; fileRef = E8F9386319F641380043D019 /* InfoPlist.strings */; };
		E8F9386719F641380043D019 /* sample20141021001Tests.m in Sources */ = {isa = PBXBuildFile; fileRef = E8F9386619F641380043D019 /* sample20141021001Tests.m */; };
		E8F9387519F647AE0043D019 /* lego.m in Sources */ = {isa = PBXBuildFile; fileRef = E8F9387419F647AE0043D019 /* lego.m */; };
		E8F9387B19F6523D0043D019 /* dataController.m in Sources */ = {isa = PBXBuildFile; fileRef = E8F9387A19F6523D0043D019 /* dataController.m */; };
/* End PBXBuildFile section */

/* Begin PBXContainerItemProxy section */
		E8F9385E19F641380043D019 /* PBXContainerItemProxy */ = {
			isa = PBXContainerItemProxy;
			containerPortal = E8F9382D19F641370043D019 /* Project object */;
			proxyType = 1;
			remoteGlobalIDString = E8F9383419F641380043D019;
			remoteInfo = sample20141021001;
		};
/* End PBXContainerItemProxy section */

/* Begin PBXFileReference section */
		E8F4B2B819FA302800F946EA /* tableViewCell.h */ = {isa = PBXFileReference; fileEncoding = 4; lastKnownFileType = sourcecode.c.h; path = tableViewCell.h; sourceTree = "<group>"; };
		E8F4B2B919FA302800F946EA /* tableViewCell.m */ = {isa = PBXFileReference; fileEncoding = 4; lastKnownFileType = sourcecode.c.objc; path = tableViewCell.m; sourceTree = "<group>"; };
		E8F9383519F641380043D019 /* sample20141021001.app */ = {isa = PBXFileReference; explicitFileType = wrapper.application; includeInIndex = 0; path = sample20141021001.app; sourceTree = BUILT_PRODUCTS_DIR; };
		E8F9383819F641380043D019 /* Foundation.framework */ = {isa = PBXFileReference; lastKnownFileType = wrapper.framework; name = Foundation.framework; path = System/Library/Frameworks/Foundation.framework; sourceTree = SDKROOT; };
		E8F9383A19F641380043D019 /* CoreGraphics.framework */ = {isa = PBXFileReference; lastKnownFileType = wrapper.framework; name = CoreGraphics.framework; path = System/Library/Frameworks/CoreGraphics.framework; sourceTree = SDKROOT; };
		E8F9383C19F641380043D019 /* UIKit.framework */ = {isa = PBXFileReference; lastKnownFileType = wrapper.framework; name = UIKit.framework; path = System/Library/Frameworks/UIKit.framework; sourceTree = SDKROOT; };
		E8F9384019F641380043D019 /* sample20141021001-Info.plist */ = {isa = PBXFileReference; lastKnownFileType = text.plist.xml; path = "sample20141021001-Info.plist"; sourceTree = "<group>"; };
		E8F9384219F641380043D019 /* en */ = {isa = PBXFileReference; lastKnownFileType = text.plist.strings; name = en; path = en.lproj/InfoPlist.strings; sourceTree = "<group>"; };
		E8F9384419F641380043D019 /* main.m */ = {isa = PBXFileReference; lastKnownFileType = sourcecode.c.objc; path = main.m; sourceTree = "<group>"; };
		E8F9384619F641380043D019 /* sample20141021001-Prefix.pch */ = {isa = PBXFileReference; lastKnownFileType = sourcecode.c.h; path = "sample20141021001-Prefix.pch"; sourceTree = "<group>"; };
		E8F9384719F641380043D019 /* AppDelegate.h */ = {isa = PBXFileReference; lastKnownFileType = sourcecode.c.h; path = AppDelegate.h; sourceTree = "<group>"; };
		E8F9384819F641380043D019 /* AppDelegate.m */ = {isa = PBXFileReference; lastKnownFileType = sourcecode.c.objc; path = AppDelegate.m; sourceTree = "<group>"; };
		E8F9384B19F641380043D019 /* Base */ = {isa = PBXFileReference; lastKnownFileType = file.storyboard; name = Base; path = Base.lproj/Main.storyboard; sourceTree = "<group>"; };
		E8F9384D19F641380043D019 /* MasterViewController.h */ = {isa = PBXFileReference; lastKnownFileType = sourcecode.c.h; path = MasterViewController.h; sourceTree = "<group>"; };
		E8F9384E19F641380043D019 /* MasterViewController.m */ = {isa = PBXFileReference; lastKnownFileType = sourcecode.c.objc; path = MasterViewController.m; sourceTree = "<group>"; };
		E8F9385019F641380043D019 /* DetailViewController.h */ = {isa = PBXFileReference; lastKnownFileType = sourcecode.c.h; path = DetailViewController.h; sourceTree = "<group>"; };
		E8F9385119F641380043D019 /* DetailViewController.m */ = {isa = PBXFileReference; lastKnownFileType = sourcecode.c.objc; path = DetailViewController.m; sourceTree = "<group>"; };
		E8F9385319F641380043D019 /* Images.xcassets */ = {isa = PBXFileReference; lastKnownFileType = folder.assetcatalog; path = Images.xcassets; sourceTree = "<group>"; };
		E8F9385919F641380043D019 /* sample20141021001Tests.xctest */ = {isa = PBXFileReference; explicitFileType = wrapper.cfbundle; includeInIndex = 0; path = sample20141021001Tests.xctest; sourceTree = BUILT_PRODUCTS_DIR; };
		E8F9385A19F641380043D019 /* XCTest.framework */ = {isa = PBXFileReference; lastKnownFileType = wrapper.framework; name = XCTest.framework; path = Library/Frameworks/XCTest.framework; sourceTree = DEVELOPER_DIR; };
		E8F9386219F641380043D019 /* sample20141021001Tests-Info.plist */ = {isa = PBXFileReference; lastKnownFileType = text.plist.xml; path = "sample20141021001Tests-Info.plist"; sourceTree = "<group>"; };
		E8F9386419F641380043D019 /* en */ = {isa = PBXFileReference; lastKnownFileType = text.plist.strings; name = en; path = en.lproj/InfoPlist.strings; sourceTree = "<group>"; };
		E8F9386619F641380043D019 /* sample20141021001Tests.m */ = {isa = PBXFileReference; lastKnownFileType = sourcecode.c.objc; path = sample20141021001Tests.m; sourceTree = "<group>"; };
		E8F9387319F647AE0043D019 /* lego.h */ = {isa = PBXFileReference; fileEncoding = 4; lastKnownFileType = sourcecode.c.h; path = lego.h; sourceTree = "<group>"; };
		E8F9387419F647AE0043D019 /* lego.m */ = {isa = PBXFileReference; fileEncoding = 4; lastKnownFileType = sourcecode.c.objc; path = lego.m; sourceTree = "<group>"; };
		E8F9387919F6523D0043D019 /* dataController.h */ = {isa = PBXFileReference; fileEncoding = 4; lastKnownFileType = sourcecode.c.h; path = dataController.h; sourceTree = "<group>"; };
		E8F9387A19F6523D0043D019 /* dataController.m */ = {isa = PBXFileReference; fileEncoding = 4; lastKnownFileType = sourcecode.c.objc; path = dataController.m; sourceTree = "<group>"; };
/* End PBXFileReference section */

/* Begin PBXFrameworksBuildPhase section */
		E8F9383219F641380043D019 /* Frameworks */ = {
			isa = PBXFrameworksBuildPhase;
			buildActionMask = 2147483647;
			files = (
				E8F9383B19F641380043D019 /* CoreGraphics.framework in Frameworks */,
				E8F9383D19F641380043D019 /* UIKit.framework in Frameworks */,
				E8F9383919F641380043D019 /* Foundation.framework in Frameworks */,
			);
			runOnlyForDeploymentPostprocessing = 0;
		};
		E8F9385619F641380043D019 /* Frameworks */ = {
			isa = PBXFrameworksBuildPhase;
			buildActionMask = 2147483647;
			files = (
				E8F9385B19F641380043D019 /* XCTest.framework in Frameworks */,
				E8F9385D19F641380043D019 /* UIKit.framework in Frameworks */,
				E8F9385C19F641380043D019 /* Foundation.framework in Frameworks */,
			);
			runOnlyForDeploymentPostprocessing = 0;
		};
/* End PBXFrameworksBuildPhase section */

/* Begin PBXGroup section */
		E8F9382C19F641370043D019 = {
			isa = PBXGroup;
			children = (
				E8F9383E19F641380043D019 /* sample20141021001 */,
				E8F9386019F641380043D019 /* sample20141021001Tests */,
				E8F9383719F641380043D019 /* Frameworks */,
				E8F9383619F641380043D019 /* Products */,
			);
			sourceTree = "<group>";
		};
		E8F9383619F641380043D019 /* Products */ = {
			isa = PBXGroup;
			children = (
				E8F9383519F641380043D019 /* sample20141021001.app */,
				E8F9385919F641380043D019 /* sample20141021001Tests.xctest */,
			);
			name = Products;
			sourceTree = "<group>";
		};
		E8F9383719F641380043D019 /* Frameworks */ = {
			isa = PBXGroup;
			children = (
				E8F9383819F641380043D019 /* Foundation.framework */,
				E8F9383A19F641380043D019 /* CoreGraphics.framework */,
				E8F9383C19F641380043D019 /* UIKit.framework */,
				E8F9385A19F641380043D019 /* XCTest.framework */,
			);
			name = Frameworks;
			sourceTree = "<group>";
		};
		E8F9383E19F641380043D019 /* sample20141021001 */ = {
			isa = PBXGroup;
			children = (
				E8F9384719F641380043D019 /* AppDelegate.h */,
				E8F9384819F641380043D019 /* AppDelegate.m */,
				E8F9384A19F641380043D019 /* Main.storyboard */,
				E8F9384D19F641380043D019 /* MasterViewController.h */,
				E8F9384E19F641380043D019 /* MasterViewController.m */,
				E8F9385019F641380043D019 /* DetailViewController.h */,
				E8F9385119F641380043D019 /* DetailViewController.m */,
				E8F9385319F641380043D019 /* Images.xcassets */,
				E8F9383F19F641380043D019 /* Supporting Files */,
				E8F9387319F647AE0043D019 /* lego.h */,
				E8F9387419F647AE0043D019 /* lego.m */,
				E8F9387919F6523D0043D019 /* dataController.h */,
				E8F9387A19F6523D0043D019 /* dataController.m */,
				E8F4B2B819FA302800F946EA /* tableViewCell.h */,
				E8F4B2B919FA302800F946EA /* tableViewCell.m */,
			);
			path = sample20141021001;
			sourceTree = "<group>";
		};
		E8F9383F19F641380043D019 /* Supporting Files */ = {
			isa = PBXGroup;
			children = (
				E8F9384019F641380043D019 /* sample20141021001-Info.plist */,
				E8F9384119F641380043D019 /* InfoPlist.strings */,
				E8F9384419F641380043D019 /* main.m */,
				E8F9384619F641380043D019 /* sample20141021001-Prefix.pch */,
			);
			name = "Supporting Files";
			sourceTree = "<group>";
		};
		E8F9386019F641380043D019 /* sample20141021001Tests */ = {
			isa = PBXGroup;
			children = (
				E8F9386619F641380043D019 /* sample20141021001Tests.m */,
				E8F9386119F641380043D019 /* Supporting Files */,
			);
			path = sample20141021001Tests;
			sourceTree = "<group>";
		};
		E8F9386119F641380043D019 /* Supporting Files */ = {
			isa = PBXGroup;
			children = (
				E8F9386219F641380043D019 /* sample20141021001Tests-Info.plist */,
				E8F9386319F641380043D019 /* InfoPlist.strings */,
			);
			name = "Supporting Files";
			sourceTree = "<group>";
		};
/* End PBXGroup section */

/* Begin PBXNativeTarget section */
		E8F9383419F641380043D019 /* sample20141021001 */ = {
			isa = PBXNativeTarget;
			buildConfigurationList = E8F9386A19F641380043D019 /* Build configuration list for PBXNativeTarget "sample20141021001" */;
			buildPhases = (
				E8F9383119F641380043D019 /* Sources */,
				E8F9383219F641380043D019 /* Frameworks */,
				E8F9383319F641380043D019 /* Resources */,
			);
			buildRules = (
			);
			dependencies = (
			);
			name = sample20141021001;
			productName = sample20141021001;
			productReference = E8F9383519F641380043D019 /* sample20141021001.app */;
			productType = "com.apple.product-type.application";
		};
		E8F9385819F641380043D019 /* sample20141021001Tests */ = {
			isa = PBXNativeTarget;
			buildConfigurationList = E8F9386D19F641380043D019 /* Build configuration list for PBXNativeTarget "sample20141021001Tests" */;
			buildPhases = (
				E8F9385519F641380043D019 /* Sources */,
				E8F9385619F641380043D019 /* Frameworks */,
				E8F9385719F641380043D019 /* Resources */,
			);
			buildRules = (
			);
			dependencies = (
				E8F9385F19F641380043D019 /* PBXTargetDependency */,
			);
			name = sample20141021001Tests;
			productName = sample20141021001Tests;
			productReference = E8F9385919F641380043D019 /* sample20141021001Tests.xctest */;
			productType = "com.apple.product-type.bundle.unit-test";
		};
/* End PBXNativeTarget section */

/* Begin PBXProject section */
		E8F9382D19F641370043D019 /* Project object */ = {
			isa = PBXProject;
			attributes = {
				LastUpgradeCheck = 0510;
				ORGANIZATIONNAME = "Chan-yeong, Jeong";
				TargetAttributes = {
					E8F9385819F641380043D019 = {
						TestTargetID = E8F9383419F641380043D019;
					};
				};
			};
			buildConfigurationList = E8F9383019F641370043D019 /* Build configuration list for PBXProject "sample20141021001" */;
			compatibilityVersion = "Xcode 3.2";
			developmentRegion = English;
			hasScannedForEncodings = 0;
			knownRegions = (
				en,
				Base,
			);
			mainGroup = E8F9382C19F641370043D019;
			productRefGroup = E8F9383619F641380043D019 /* Products */;
			projectDirPath = "";
			projectRoot = "";
			targets = (
				E8F9383419F641380043D019 /* sample20141021001 */,
				E8F9385819F641380043D019 /* sample20141021001Tests */,
			);
		};
/* End PBXProject section */

/* Begin PBXResourcesBuildPhase section */
		E8F9383319F641380043D019 /* Resources */ = {
			isa = PBXResourcesBuildPhase;
			buildActionMask = 2147483647;
			files = (
				E8F9385419F641380043D019 /* Images.xcassets in Resources */,
				E8F9384319F641380043D019 /* InfoPlist.strings in Resources */,
				E8F9384C19F641380043D019 /* Main.storyboard in Resources */,
			);
			runOnlyForDeploymentPostprocessing = 0;
		};
		E8F9385719F641380043D019 /* Resources */ = {
			isa = PBXResourcesBuildPhase;
			buildActionMask = 2147483647;
			files = (
				E8F9386519F641380043D019 /* InfoPlist.strings in Resources */,
			);
			runOnlyForDeploymentPostprocessing = 0;
		};
/* End PBXResourcesBuildPhase section */

/* Begin PBXSourcesBuildPhase section */
		E8F9383119F641380043D019 /* Sources */ = {
			isa = PBXSourcesBuildPhase;
			buildActionMask = 2147483647;
			files = (
				E8F9387519F647AE0043D019 /* lego.m in Sources */,
				E8F4B2BA19FA302800F946EA /* tableViewCell.m in Sources */,
				E8F9384919F641380043D019 /* AppDelegate.m in Sources */,
				E8F9384F19F641380043D019 /* MasterViewController.m in Sources */,
				E8F9387B19F6523D0043D019 /* dataController.m in Sources */,
				E8F9384519F641380043D019 /* main.m in Sources */,
				E8F9385219F641380043D019 /* DetailViewController.m in Sources */,
			);
			runOnlyForDeploymentPostprocessing = 0;
		};
		E8F9385519F641380043D019 /* Sources */ = {
			isa = PBXSourcesBuildPhase;
			buildActionMask = 2147483647;
			files = (
				E8F9386719F641380043D019 /* sample20141021001Tests.m in Sources */,
			);
			runOnlyForDeploymentPostprocessing = 0;
		};
/* End PBXSourcesBuildPhase section */

/* Begin PBXTargetDependency section */
		E8F9385F19F641380043D019 /* PBXTargetDependency */ = {
			isa = PBXTargetDependency;
			target = E8F9383419F641380043D019 /* sample20141021001 */;
			targetProxy = E8F9385E19F641380043D019 /* PBXContainerItemProxy */;
		};
/* End PBXTargetDependency section */

/* Begin PBXVariantGroup section */
		E8F9384119F641380043D019 /* InfoPlist.strings */ = {
			isa = PBXVariantGroup;
			children = (
				E8F9384219F641380043D019 /* en */,
			);
			name = InfoPlist.strings;
			sourceTree = "<group>";
		};
		E8F9384A19F641380043D019 /* Main.storyboard */ = {
			isa = PBXVariantGroup;
			children = (
				E8F9384B19F641380043D019 /* Base */,
			);
			name = Main.storyboard;
			sourceTree = "<group>";
		};
		E8F9386319F641380043D019 /* InfoPlist.strings */ = {
			isa = PBXVariantGroup;
			children = (
				E8F9386419F641380043D019 /* en */,
			);
			name = InfoPlist.strings;
			sourceTree = "<group>";
		};
/* End PBXVariantGroup section */

/* Begin XCBuildConfiguration section */
		E8F9386819F641380043D019 /* Debug */ = {
			isa = XCBuildConfiguration;
			buildSettings = {
				ALWAYS_SEARCH_USER_PATHS = NO;
				CLANG_CXX_LANGUAGE_STANDARD = "gnu++0x";
				CLANG_CXX_LIBRARY = "libc++";
				CLANG_ENABLE_MODULES = YES;
				CLANG_ENABLE_OBJC_ARC = YES;
				CLANG_WARN_BOOL_CONVERSION = YES;
				CLANG_WARN_CONSTANT_CONVERSION = YES;
				CLANG_WARN_DIRECT_OBJC_ISA_USAGE = YES_ERROR;
				CLANG_WARN_EMPTY_BODY = YES;
				CLANG_WARN_ENUM_CONVERSION = YES;
				CLANG_WARN_INT_CONVERSION = YES;
				CLANG_WARN_OBJC_ROOT_CLASS = YES_ERROR;
				CLANG_WARN__DUPLICATE_METHOD_MATCH = YES;
				"CODE_SIGN_IDENTITY[sdk=iphoneos*]" = "iPhone Developer";
				COPY_PHASE_STRIP = NO;
				GCC_C_LANGUAGE_STANDARD = gnu99;
				GCC_DYNAMIC_NO_PIC = NO;
				GCC_OPTIMIZATION_LEVEL = 0;
				GCC_PREPROCESSOR_DEFINITIONS = (
					"DEBUG=1",
					"$(inherited)",
				);
				GCC_SYMBOLS_PRIVATE_EXTERN = NO;
				GCC_WARN_64_TO_32_BIT_CONVERSION = YES;
				GCC_WARN_ABOUT_RETURN_TYPE = YES_ERROR;
				GCC_WARN_UNDECLARED_SELECTOR = YES;
				GCC_WARN_UNINITIALIZED_AUTOS = YES_AGGRESSIVE;
				GCC_WARN_UNUSED_FUNCTION = YES;
				GCC_WARN_UNUSED_VARIABLE = YES;
				IPHONEOS_DEPLOYMENT_TARGET = 7.1;
				ONLY_ACTIVE_ARCH = YES;
				SDKROOT = iphoneos;
			};
			name = Debug;
		};
		E8F9386919F641380043D019 /* Release */ = {
			isa = XCBuildConfiguration;
			buildSettings = {
				ALWAYS_SEARCH_USER_PATHS = NO;
				CLANG_CXX_LANGUAGE_STANDARD = "gnu++0x";
				CLANG_CXX_LIBRARY = "libc++";
				CLANG_ENABLE_MODULES = YES;
				CLANG_ENABLE_OBJC_ARC = YES;
				CLANG_WARN_BOOL_CONVERSION = YES;
				CLANG_WARN_CONSTANT_CONVERSION = YES;
				CLANG_WARN_DIRECT_OBJC_ISA_USAGE = YES_ERROR;
				CLANG_WARN_EMPTY_BODY = YES;
				CLANG_WARN_ENUM_CONVERSION = YES;
				CLANG_WARN_INT_CONVERSION = YES;
				CLANG_WARN_OBJC_ROOT_CLASS = YES_ERROR;
				CLANG_WARN__DUPLICATE_METHOD_MATCH = YES;
				"CODE_SIGN_IDENTITY[sdk=iphoneos*]" = "iPhone Developer";
				COPY_PHASE_STRIP = YES;
				ENABLE_NS_ASSERTIONS = NO;
				GCC_C_LANGUAGE_STANDARD = gnu99;
				GCC_WARN_64_TO_32_BIT_CONVERSION = YES;
				GCC_WARN_ABOUT_RETURN_TYPE = YES_ERROR;
				GCC_WARN_UNDECLARED_SELECTOR = YES;
				GCC_WARN_UNINITIALIZED_AUTOS = YES_AGGRESSIVE;
				GCC_WARN_UNUSED_FUNCTION = YES;
				GCC_WARN_UNUSED_VARIABLE = YES;
				IPHONEOS_DEPLOYMENT_TARGET = 7.1;
				SDKROOT = iphoneos;
				VALIDATE_PRODUCT = YES;
			};
			name = Release;
		};
		E8F9386B19F641380043D019 /* Debug */ = {
			isa = XCBuildConfiguration;
			buildSettings = {
				ASSETCATALOG_COMPILER_APPICON_NAME = AppIcon;
				ASSETCATALOG_COMPILER_LAUNCHIMAGE_NAME = LaunchImage;
				GCC_PRECOMPILE_PREFIX_HEADER = YES;
				GCC_PREFIX_HEADER = "sample20141021001/sample20141021001-Prefix.pch";
				INFOPLIST_FILE = "sample20141021001/sample20141021001-Info.plist";
				PRODUCT_NAME = "$(TARGET_NAME)";
				WRAPPER_EXTENSION = app;
			};
			name = Debug;
		};
		E8F9386C19F641380043D019 /* Release */ = {
			isa = XCBuildConfiguration;
			buildSettings = {
				ASSETCATALOG_COMPILER_APPICON_NAME = AppIcon;
				ASSETCATALOG_COMPILER_LAUNCHIMAGE_NAME = LaunchImage;
				GCC_PRECOMPILE_PREFIX_HEADER = YES;
				GCC_PREFIX_HEADER = "sample20141021001/sample20141021001-Prefix.pch";
				INFOPLIST_FILE = "sample20141021001/sample20141021001-Info.plist";
				PRODUCT_NAME = "$(TARGET_NAME)";
				WRAPPER_EXTENSION = app;
			};
			name = Release;
		};
		E8F9386E19F641380043D019 /* Debug */ = {
			isa = XCBuildConfiguration;
			buildSettings = {
				BUNDLE_LOADER = "$(BUILT_PRODUCTS_DIR)/sample20141021001.app/sample20141021001";
				FRAMEWORK_SEARCH_PATHS = (
					"$(SDKROOT)/Developer/Library/Frameworks",
					"$(inherited)",
					"$(DEVELOPER_FRAMEWORKS_DIR)",
				);
				GCC_PRECOMPILE_PREFIX_HEADER = YES;
				GCC_PREFIX_HEADER = "sample20141021001/sample20141021001-Prefix.pch";
				GCC_PREPROCESSOR_DEFINITIONS = (
					"DEBUG=1",
					"$(inherited)",
				);
				INFOPLIST_FILE = "sample20141021001Tests/sample20141021001Tests-Info.plist";
				PRODUCT_NAME = "$(TARGET_NAME)";
				TEST_HOST = "$(BUNDLE_LOADER)";
				WRAPPER_EXTENSION = xctest;
			};
			name = Debug;
		};
		E8F9386F19F641380043D019 /* Release */ = {
			isa = XCBuildConfiguration;
			buildSettings = {
				BUNDLE_LOADER = "$(BUILT_PRODUCTS_DIR)/sample20141021001.app/sample20141021001";
				FRAMEWORK_SEARCH_PATHS = (
					"$(SDKROOT)/Developer/Library/Frameworks",
					"$(inherited)",
					"$(DEVELOPER_FRAMEWORKS_DIR)",
				);
				GCC_PRECOMPILE_PREFIX_HEADER = YES;
				GCC_PREFIX_HEADER = "sample20141021001/sample20141021001-Prefix.pch";
				INFOPLIST_FILE = "sample20141021001Tests/sample20141021001Tests-Info.plist";
				PRODUCT_NAME = "$(TARGET_NAME)";
				TEST_HOST = "$(BUNDLE_LOADER)";
				WRAPPER_EXTENSION = xctest;
			};
			name = Release;
		};
/* End XCBuildConfiguration section */

/* Begin XCConfigurationList section */
		E8F9383019F641370043D019 /* Build configuration list for PBXProject "sample20141021001" */ = {
			isa = XCConfigurationList;
			buildConfigurations = (
				E8F9386819F641380043D019 /* Debug */,
				E8F9386919F641380043D019 /* Release */,
			);
			defaultConfigurationIsVisible = 0;
			defaultConfigurationName = Release;
		};
		E8F9386A19F641380043D019 /* Build configuration list for PBXNativeTarget "sample20141021001" */ = {
			isa = XCConfigurationList;
			buildConfigurations = (
				E8F9386B19F641380043D019 /* Debug */,
				E8F9386C19F641380043D019 /* Release */,
			);
			defaultConfigurationIsVisible = 0;
			defaultConfigurationName = Release;
		};
		E8F9386D19F641380043D019 /* Build configuration list for PBXNativeTarget "sample20141021001Tests" */ = {
			isa = XCConfigurationList;
			buildConfigurations = (
				E8F9386E19F641380043D019 /* Debug */,
				E8F9386F19F641380043D019 /* Release */,
			);
			defaultConfigurationIsVisible = 0;
			defaultConfigurationName = Release;
		};
/* End XCConfigurationList section */
	};
	rootObject = E8F9382D19F641370043D019 /* Project object */;
}
